
Microsoft Visual Studio Solution File, Format Version 12.00
# Visual Studio 14
VisualStudioVersion = 14.0.25123.0
MinimumVisualStudioVersion = 10.0.40219.1
Project("{FAE04EC0-301F-11D3-BF4B-00C04F79EFBC}") = "PFEF", "PFEF\PFEF.csproj", "{10256369-8351-46A7-8BC1-D301ABE9EA1C}"
EndProject
Project("{FAE04EC0-301F-11D3-BF4B-00C04F79EFBC}") = "PFEF.Model", "PFEF.Model\PFEF.Model.csproj", "{F92DB710-32D6-4E2A-9063-D4A931FE9C20}"
EndProject
Project("{FAE04EC0-301F-11D3-BF4B-00C04F79EFBC}") = "PFEF.Data", "PFEF.Data\PFEF.Data.csproj", "{2131D053-A620-4C53-B19F-04AA274CF69B}"
EndProject
Project("{FAE04EC0-301F-11D3-BF4B-00C04F79EFBC}") = "PFEF.Service", "PFEF.Service\PFEF.Service.csproj", "{F6CEA52C-AA1F-4EC1-B503-80CCB1C536F3}"
EndProject
Global
	GlobalSection(SolutionConfigurationPlatforms) = preSolution
		Debug|Any CPU = Debug|Any CPU
		Release|Any CPU = Release|Any CPU
	EndGlobalSection
	GlobalSection(ProjectConfigurationPlatforms) = postSolution
		{10256369-8351-46A7-8BC1-D301ABE9EA1C}.Debug|Any CPU.ActiveCfg = Debug|Any CPU
		{10256369-8351-46A7-8BC1-D301ABE9EA1C}.Debug|Any CPU.Build.0 = Debug|Any CPU
		{10256369-8351-46A7-8BC1-D301ABE9EA1C}.Release|Any CPU.ActiveCfg = Release|Any CPU
		{10256369-8351-46A7-8BC1-D301ABE9EA1C}.Release|Any CPU.Build.0 = Release|Any CPU
		{F92DB710-32D6-4E2A-9063-D4A931FE9C20}.Debug|Any CPU.ActiveCfg = Debug|Any CPU
		{F92DB710-32D6-4E2A-9063-D4A931FE9C20}.Debug|Any CPU.Build.0 = Debug|Any CPU
		{F92DB710-32D6-4E2A-9063-D4A931FE9C20}.Release|Any CPU.ActiveCfg = Release|Any CPU
		{F92DB710-32D6-4E2A-9063-D4A931FE9C20}.Release|Any CPU.Build.0 = Release|Any CPU
		{2131D053-A620-4C53-B19F-04AA274CF69B}.Debug|Any CPU.ActiveCfg = Debug|Any CPU
		{2131D053-A620-4C53-B19F-04AA274CF69B}.Debug|Any CPU.Build.0 = Debug|Any CPU
		{2131D053-A620-4C53-B19F-04AA274CF69B}.Release|Any CPU.ActiveCfg = Release|Any CPU
		{2131D053-A620-4C53-B19F-04AA274CF69B}.Release|Any CPU.Build.0 = Release|Any CPU
		{F6CEA52C-AA1F-4EC1-B503-80CCB1C536F3}.Debug|Any CPU.ActiveCfg = Debug|Any CPU
		{F6CEA52C-AA1F-4EC1-B503-80CCB1C536F3}.Debug|Any CPU.Build.0 = Debug|Any CPU
		{F6CEA52C-AA1F-4EC1-B503-80CCB1C536F3}.Release|Any CPU.ActiveCfg = Release|Any CPU
		{F6CEA52C-AA1F-4EC1-B503-80CCB1C536F3}.Release|Any CPU.Build.0 = Release|Any CPU
	EndGlobalSection
	GlobalSection(SolutionProperties) = preSolution
		HideSolutionNode = FALSE
	EndGlobalSection
EndGlobal
